
Microsoft Visual Studio Solution File, Format Version 12.00
# Visual Studio Version 16
VisualStudioVersion = 16.0.30517.126
MinimumVisualStudioVersion = 10.0.40219.1
Project("{FAE04EC0-301F-11D3-BF4B-00C04F79EFBC}") = "API_QUEJAS", "API_QUEJAS\API_QUEJAS.csproj", "{C35D6907-1809-43AE-8054-B2833B3F250B}"
EndProject
Global
	GlobalSection(SolutionConfigurationPlatforms) = preSolution
		Debug|Any CPU = Debug|Any CPU
		Release|Any CPU = Release|Any CPU
	EndGlobalSection
	GlobalSection(ProjectConfigurationPlatforms) = postSolution
		{C35D6907-1809-43AE-8054-B2833B3F250B}.Debug|Any CPU.ActiveCfg = Debug|Any CPU
		{C35D6907-1809-43AE-8054-B2833B3F250B}.Debug|Any CPU.Build.0 = Debug|Any CPU
		{C35D6907-1809-43AE-8054-B2833B3F250B}.Release|Any CPU.ActiveCfg = Release|Any CPU
		{C35D6907-1809-43AE-8054-B2833B3F250B}.Release|Any CPU.Build.0 = Release|Any CPU
	EndGlobalSection
	GlobalSection(SolutionProperties) = preSolution
		HideSolutionNode = FALSE
	EndGlobalSection
	GlobalSection(ExtensibilityGlobals) = postSolution
		SolutionGuid = {8FA7A91A-3889-4500-8933-5E47BAF77D81}
	EndGlobalSection
EndGlobal
